
Microsoft Visual Studio Solution File, Format Version 12.00
# Visual Studio Version 17
VisualStudioVersion = 17.5.002.0
MinimumVisualStudioVersion = 10.0.40219.1
Project("{9A19103F-16F7-4668-BE54-9A1E7A4F7556}") = "practica13-Nav1dad", "practica13-Nav1dad.csproj", "{80FF05B5-B83C-487C-B59E-CA75393E3246}"
EndProject
Global
	GlobalSection(SolutionConfigurationPlatforms) = preSolution
		Debug|Any CPU = Debug|Any CPU
		Release|Any CPU = Release|Any CPU
	EndGlobalSection
	GlobalSection(ProjectConfigurationPlatforms) = postSolution
		{80FF05B5-B83C-487C-B59E-CA75393E3246}.Debug|Any CPU.ActiveCfg = Debug|Any CPU
		{80FF05B5-B83C-487C-B59E-CA75393E3246}.Debug|Any CPU.Build.0 = Debug|Any CPU
		{80FF05B5-B83C-487C-B59E-CA75393E3246}.Release|Any CPU.ActiveCfg = Release|Any CPU
		{80FF05B5-B83C-487C-B59E-CA75393E3246}.Release|Any CPU.Build.0 = Release|Any CPU
	EndGlobalSection
	GlobalSection(SolutionProperties) = preSolution
		HideSolutionNode = FALSE
	EndGlobalSection
	GlobalSection(ExtensibilityGlobals) = postSolution
		SolutionGuid = {DC760A4D-1D15-4734-A6A8-F0CFD5E8F714}
	EndGlobalSection
EndGlobal
